Microsoft Visual Studio Solution File, Format Version 12.00
# Visual Studio Version 16
VisualStudioVersion = 16.0.29920.165
MinimumVisualStudioVersion = 15.0.26124.0

Project("{D954291E-2A0B-460D-934E-DC6B0785DB48}") = "MyUnoApp.Shared", "MyUnoApp.Shared\MyUnoApp.Shared.shproj", "{6279C845-92F8-4333-AB99-3D213163593C}"
EndProject

Project("{FAE04EC0-301F-11D3-BF4B-00C04F79EFBC}") = "MyUnoApp.Droid", "MyUnoApp.Droid\MyUnoApp.Droid.csproj", "{9D9DD6E9-0A66-4782-9B5C-B6DED8CAC3A4}"
EndProject

Project("{FAE04EC0-301F-11D3-BF4B-00C04F79EFBC}") = "MyUnoApp.iOS", "MyUnoApp.iOS\MyUnoApp.iOS.csproj", "{D291CBBD-25C0-4B1F-98A7-2F5457C61027}"
EndProject

Project("{FAE04EC0-301F-11D3-BF4B-00C04F79EFBC}") = "MyUnoApp.Uwp", "MyUnoApp.UWP\MyUnoApp.Uwp.csproj", "{934ECA25-8194-44EA-80C2-5D13351A919A}"
EndProject

Project("{9A19103F-16F7-4668-BE54-9A1E7A4F7556}") = "MyUnoApp.Wasm", "MyUnoApp.Wasm\MyUnoApp.Wasm.csproj", "{40EA03F7-8A22-4143-B251-79BAC3EB13D2}"
EndProject

Project("{FAE04EC0-301F-11D3-BF4B-00C04F79EFBC}") = "MyUnoApp.macOS", "MyUnoApp.macOS\MyUnoApp.macOS.csproj", "{D3AD782F-B89E-4AB8-8725-5D719054CE46}"
EndProject

Project("{9A19103F-16F7-4668-BE54-9A1E7A4F7556}") = "MyUnoApp.Skia.Gtk", "MyUnoApp.Skia.Gtk\MyUnoApp.Skia.Gtk.csproj", "{A5B8155A-118F-4794-B551-C6F3CF7E5411}"
EndProject

Project("{9A19103F-16F7-4668-BE54-9A1E7A4F7556}") = "MyUnoApp.Skia.WPF", "MyUnoApp.Skia.WPF\MyUnoApp.Skia.WPF.csproj", "{D97F6D88-1922-4C5B-A664-2DB0E5A33A7D}"
EndProject
Project("{9A19103F-16F7-4668-BE54-9A1E7A4F7556}") = "MyUnoApp.Skia.Wpf.Host", "MyUnoApp.Skia.WPF.Host\MyUnoApp.Skia.Wpf.Host.csproj", "{6CF284A4-22B1-4F05-97F4-F095C07A598E}"
EndProject

Project("{9A19103F-16F7-4668-BE54-9A1E7A4F7556}") = "MyUnoApp.Skia.Tizen", "MyUnoApp.Skia.Tizen\MyUnoApp.Skia.Tizen.csproj", "{9AED22A6-77DC-4799-BAE7-5F26F2070BD2}"
EndProject

Project("{9A19103F-16F7-4668-BE54-9A1E7A4F7556}") = "MyUnoApp.Skia.Linux.FrameBuffer", "MyUnoApp.Skia.Linux.FrameBuffer\MyUnoApp.Skia.Linux.FrameBuffer.csproj", "{761D821E-9905-4444-9ADF-76C995FE5427}"
EndProject

Global
	GlobalSection(SharedMSBuildProjectFiles) = preSolution
		MyUnoApp.Shared\MyUnoApp.Shared.projitems*{9D9DD6E9-0A66-4782-9B5C-B6DED8CAC3A4}*SharedItemsImports = 4
		MyUnoApp.Shared\MyUnoApp.Shared.projitems*{D97F6D88-1922-4C5B-A664-2DB0E5A33A7D}*SharedItemsImports = 5
		MyUnoApp.Shared\MyUnoApp.Shared.projitems*{D3AD782F-B89E-4AB8-8725-5D719054CE46}*SharedItemsImports = 4
		MyUnoApp.Shared\MyUnoApp.Shared.projitems*{40ea03f7-8a22-4143-b251-79bac3eb13d2}*SharedItemsImports = 5
		MyUnoApp.Shared\MyUnoApp.Shared.projitems*{a5b8155a-118f-4794-b551-c6f3cf7e5411}*SharedItemsImports = 5
		MyUnoApp.Shared\MyUnoApp.Shared.projitems*{D291CBBD-25C0-4B1F-98A7-2F5457C61027}*SharedItemsImports = 4
		MyUnoApp.Shared\MyUnoApp.Shared.projitems*{6279c845-92f8-4333-ab99-3d213163593c}*SharedItemsImports = 13
		MyUnoApp.Shared\MyUnoApp.Shared.projitems*{934ECA25-8194-44EA-80C2-5D13351A919A}*SharedItemsImports = 4
	EndGlobalSection
	GlobalSection(SolutionConfigurationPlatforms) = preSolution
		Debug|Any CPU = Debug|Any CPU
		Debug|ARM = Debug|ARM
		Debug|ARM64 = Debug|ARM64
		Debug|iPhone = Debug|iPhone
		Debug|iPhoneSimulator = Debug|iPhoneSimulator
		Debug|x64 = Debug|x64
		Debug|x86 = Debug|x86
		Release|Any CPU = Release|Any CPU
		Release|ARM = Release|ARM
		Release|ARM64 = Release|ARM64
		Release|iPhone = Release|iPhone
		Release|iPhoneSimulator = Release|iPhoneSimulator
		Release|x64 = Release|x64
		Release|x86 = Release|x86
	EndGlobalSection
	GlobalSection(ProjectConfigurationPlatforms) = postSolution
		{9D9DD6E9-0A66-4782-9B5C-B6DED8CAC3A4}.Debug|Any CPU.ActiveCfg = Debug|Any CPU
		{9D9DD6E9-0A66-4782-9B5C-B6DED8CAC3A4}.Debug|Any CPU.Build.0 = Debug|Any CPU
		{9D9DD6E9-0A66-4782-9B5C-B6DED8CAC3A4}.Debug|Any CPU.Deploy.0 = Debug|Any CPU
		{9D9DD6E9-0A66-4782-9B5C-B6DED8CAC3A4}.Debug|ARM.ActiveCfg = Debug|Any CPU
		{9D9DD6E9-0A66-4782-9B5C-B6DED8CAC3A4}.Debug|ARM.Build.0 = Debug|Any CPU
		{9D9DD6E9-0A66-4782-9B5C-B6DED8CAC3A4}.Debug|ARM.Deploy.0 = Debug|Any CPU
		{9D9DD6E9-0A66-4782-9B5C-B6DED8CAC3A4}.Debug|ARM64.ActiveCfg = Debug|Any CPU
		{9D9DD6E9-0A66-4782-9B5C-B6DED8CAC3A4}.Debug|ARM64.Build.0 = Debug|Any CPU
		{9D9DD6E9-0A66-4782-9B5C-B6DED8CAC3A4}.Debug|ARM64.Deploy.0 = Debug|Any CPU
		{9D9DD6E9-0A66-4782-9B5C-B6DED8CAC3A4}.Debug|iPhone.ActiveCfg = Debug|Any CPU
		{9D9DD6E9-0A66-4782-9B5C-B6DED8CAC3A4}.Debug|iPhone.Build.0 = Debug|Any CPU
		{9D9DD6E9-0A66-4782-9B5C-B6DED8CAC3A4}.Debug|iPhone.Deploy.0 = Debug|Any CPU
		{9D9DD6E9-0A66-4782-9B5C-B6DED8CAC3A4}.Debug|iPhoneSimulator.ActiveCfg = Debug|Any CPU
		{9D9DD6E9-0A66-4782-9B5C-B6DED8CAC3A4}.Debug|iPhoneSimulator.Build.0 = Debug|Any CPU
		{9D9DD6E9-0A66-4782-9B5C-B6DED8CAC3A4}.Debug|iPhoneSimulator.Deploy.0 = Debug|Any CPU
		{9D9DD6E9-0A66-4782-9B5C-B6DED8CAC3A4}.Debug|x64.ActiveCfg = Debug|Any CPU
		{9D9DD6E9-0A66-4782-9B5C-B6DED8CAC3A4}.Debug|x64.Build.0 = Debug|Any CPU
		{9D9DD6E9-0A66-4782-9B5C-B6DED8CAC3A4}.Debug|x64.Deploy.0 = Debug|Any CPU
		{9D9DD6E9-0A66-4782-9B5C-B6DED8CAC3A4}.Debug|x86.ActiveCfg = Debug|Any CPU
		{9D9DD6E9-0A66-4782-9B5C-B6DED8CAC3A4}.Debug|x86.Build.0 = Debug|Any CPU
		{9D9DD6E9-0A66-4782-9B5C-B6DED8CAC3A4}.Debug|x86.Deploy.0 = Debug|Any CPU

		{9D9DD6E9-0A66-4782-9B5C-B6DED8CAC3A4}.Release|Any CPU.ActiveCfg = Release|Any CPU
		{9D9DD6E9-0A66-4782-9B5C-B6DED8CAC3A4}.Release|Any CPU.Build.0 = Release|Any CPU
		{9D9DD6E9-0A66-4782-9B5C-B6DED8CAC3A4}.Release|Any CPU.Deploy.0 = Release|Any CPU
		{9D9DD6E9-0A66-4782-9B5C-B6DED8CAC3A4}.Release|ARM.ActiveCfg = Release|Any CPU
		{9D9DD6E9-0A66-4782-9B5C-B6DED8CAC3A4}.Release|ARM.Build.0 = Release|Any CPU
		{9D9DD6E9-0A66-4782-9B5C-B6DED8CAC3A4}.Release|ARM.Deploy.0 = Release|Any CPU
		{9D9DD6E9-0A66-4782-9B5C-B6DED8CAC3A4}.Release|ARM64.ActiveCfg = Release|Any CPU
		{9D9DD6E9-0A66-4782-9B5C-B6DED8CAC3A4}.Release|ARM64.Build.0 = Release|Any CPU
		{9D9DD6E9-0A66-4782-9B5C-B6DED8CAC3A4}.Release|ARM64.Deploy.0 = Release|Any CPU
		{9D9DD6E9-0A66-4782-9B5C-B6DED8CAC3A4}.Release|iPhone.ActiveCfg = Release|Any CPU
		{9D9DD6E9-0A66-4782-9B5C-B6DED8CAC3A4}.Release|iPhone.Build.0 = Release|Any CPU
		{9D9DD6E9-0A66-4782-9B5C-B6DED8CAC3A4}.Release|iPhone.Deploy.0 = Release|Any CPU
		{9D9DD6E9-0A66-4782-9B5C-B6DED8CAC3A4}.Release|iPhoneSimulator.ActiveCfg = Release|Any CPU
		{9D9DD6E9-0A66-4782-9B5C-B6DED8CAC3A4}.Release|iPhoneSimulator.Build.0 = Release|Any CPU
		{9D9DD6E9-0A66-4782-9B5C-B6DED8CAC3A4}.Release|iPhoneSimulator.Deploy.0 = Release|Any CPU
		{9D9DD6E9-0A66-4782-9B5C-B6DED8CAC3A4}.Release|x64.ActiveCfg = Release|Any CPU
		{9D9DD6E9-0A66-4782-9B5C-B6DED8CAC3A4}.Release|x64.Build.0 = Release|Any CPU
		{9D9DD6E9-0A66-4782-9B5C-B6DED8CAC3A4}.Release|x64.Deploy.0 = Release|Any CPU
		{9D9DD6E9-0A66-4782-9B5C-B6DED8CAC3A4}.Release|x86.ActiveCfg = Release|Any CPU
		{9D9DD6E9-0A66-4782-9B5C-B6DED8CAC3A4}.Release|x86.Build.0 = Release|Any CPU
		{9D9DD6E9-0A66-4782-9B5C-B6DED8CAC3A4}.Release|x86.Deploy.0 = Release|Any CPU
		{D291CBBD-25C0-4B1F-98A7-2F5457C61027}.Debug|Any CPU.ActiveCfg = Debug|iPhone
		{D291CBBD-25C0-4B1F-98A7-2F5457C61027}.Debug|Any CPU.Build.0 = Debug|iPhone
		{D291CBBD-25C0-4B1F-98A7-2F5457C61027}.Debug|Any CPU.Deploy.0 = Debug|iPhone
		{D291CBBD-25C0-4B1F-98A7-2F5457C61027}.Debug|ARM.ActiveCfg = Debug|iPhone
		{D291CBBD-25C0-4B1F-98A7-2F5457C61027}.Debug|ARM64.ActiveCfg = Debug|iPhone
		{D291CBBD-25C0-4B1F-98A7-2F5457C61027}.Debug|iPhone.ActiveCfg = Debug|iPhone
		{D291CBBD-25C0-4B1F-98A7-2F5457C61027}.Debug|iPhone.Build.0 = Debug|iPhone
		{D291CBBD-25C0-4B1F-98A7-2F5457C61027}.Debug|iPhoneSimulator.ActiveCfg = Debug|iPhoneSimulator
		{D291CBBD-25C0-4B1F-98A7-2F5457C61027}.Debug|iPhoneSimulator.Build.0 = Debug|iPhoneSimulator
		{D291CBBD-25C0-4B1F-98A7-2F5457C61027}.Debug|x64.ActiveCfg = Debug|iPhone
		{D291CBBD-25C0-4B1F-98A7-2F5457C61027}.Debug|x64.Build.0 = Debug|iPhone
		{D291CBBD-25C0-4B1F-98A7-2F5457C61027}.Debug|x64.Deploy.0 = Debug|iPhone
		{D291CBBD-25C0-4B1F-98A7-2F5457C61027}.Debug|x86.ActiveCfg = Debug|iPhoneSimulator
		{D291CBBD-25C0-4B1F-98A7-2F5457C61027}.Debug|x86.Build.0 = Debug|iPhoneSimulator
		{D291CBBD-25C0-4B1F-98A7-2F5457C61027}.Debug|x86.Deploy.0 = Debug|iPhoneSimulator
		{D291CBBD-25C0-4B1F-98A7-2F5457C61027}.Release|Any CPU.ActiveCfg = Release|iPhone
		{D291CBBD-25C0-4B1F-98A7-2F5457C61027}.Release|ARM.ActiveCfg = Release|iPhone
		{D291CBBD-25C0-4B1F-98A7-2F5457C61027}.Release|ARM64.ActiveCfg = Release|iPhone
		{D291CBBD-25C0-4B1F-98A7-2F5457C61027}.Release|iPhone.ActiveCfg = Release|iPhone
		{D291CBBD-25C0-4B1F-98A7-2F5457C61027}.Release|iPhone.Build.0 = Release|iPhone
		{D291CBBD-25C0-4B1F-98A7-2F5457C61027}.Release|iPhoneSimulator.ActiveCfg = Release|iPhoneSimulator
		{D291CBBD-25C0-4B1F-98A7-2F5457C61027}.Release|iPhoneSimulator.Build.0 = Release|iPhoneSimulator
		{D291CBBD-25C0-4B1F-98A7-2F5457C61027}.Release|x64.ActiveCfg = Release|iPhoneSimulator
		{D291CBBD-25C0-4B1F-98A7-2F5457C61027}.Release|x64.Build.0 = Release|iPhoneSimulator
		{D291CBBD-25C0-4B1F-98A7-2F5457C61027}.Release|x64.Deploy.0 = Release|iPhoneSimulator
		{D291CBBD-25C0-4B1F-98A7-2F5457C61027}.Release|x86.ActiveCfg = Release|iPhoneSimulator
		{D291CBBD-25C0-4B1F-98A7-2F5457C61027}.Release|x86.Build.0 = Release|iPhoneSimulator

		{934ECA25-8194-44EA-80C2-5D13351A919A}.Debug|Any CPU.ActiveCfg = Debug|x86
		{934ECA25-8194-44EA-80C2-5D13351A919A}.Debug|Any CPU.Build.0 = Debug|x86
		{934ECA25-8194-44EA-80C2-5D13351A919A}.Debug|Any CPU.Deploy.0 = Debug|x86
		{934ECA25-8194-44EA-80C2-5D13351A919A}.Debug|ARM.ActiveCfg = Debug|ARM
		{934ECA25-8194-44EA-80C2-5D13351A919A}.Debug|ARM.Build.0 = Debug|ARM
		{934ECA25-8194-44EA-80C2-5D13351A919A}.Debug|ARM.Deploy.0 = Debug|ARM
		{934ECA25-8194-44EA-80C2-5D13351A919A}.Debug|ARM64.ActiveCfg = Debug|ARM64
		{934ECA25-8194-44EA-80C2-5D13351A919A}.Debug|ARM64.Build.0 = Debug|ARM64
		{934ECA25-8194-44EA-80C2-5D13351A919A}.Debug|ARM64.Deploy.0 = Debug|ARM64
		{934ECA25-8194-44EA-80C2-5D13351A919A}.Debug|iPhone.ActiveCfg = Debug|x86
		{934ECA25-8194-44EA-80C2-5D13351A919A}.Debug|iPhone.Build.0 = Debug|x86
		{934ECA25-8194-44EA-80C2-5D13351A919A}.Debug|iPhone.Deploy.0 = Debug|x86
		{934ECA25-8194-44EA-80C2-5D13351A919A}.Debug|iPhoneSimulator.ActiveCfg = Debug|x86
		{934ECA25-8194-44EA-80C2-5D13351A919A}.Debug|iPhoneSimulator.Build.0 = Debug|x86
		{934ECA25-8194-44EA-80C2-5D13351A919A}.Debug|iPhoneSimulator.Deploy.0 = Debug|x86
		{934ECA25-8194-44EA-80C2-5D13351A919A}.Debug|x64.ActiveCfg = Debug|x64
		{934ECA25-8194-44EA-80C2-5D13351A919A}.Debug|x64.Build.0 = Debug|x64
		{934ECA25-8194-44EA-80C2-5D13351A919A}.Debug|x64.Deploy.0 = Debug|x64
		{934ECA25-8194-44EA-80C2-5D13351A919A}.Debug|x86.ActiveCfg = Debug|x86
		{934ECA25-8194-44EA-80C2-5D13351A919A}.Debug|x86.Build.0 = Debug|x86
		{934ECA25-8194-44EA-80C2-5D13351A919A}.Debug|x86.Deploy.0 = Debug|x86
		{934ECA25-8194-44EA-80C2-5D13351A919A}.Release|Any CPU.ActiveCfg = Release|x86
		{934ECA25-8194-44EA-80C2-5D13351A919A}.Release|ARM.ActiveCfg = Release|ARM
		{934ECA25-8194-44EA-80C2-5D13351A919A}.Release|ARM.Build.0 = Release|ARM
		{934ECA25-8194-44EA-80C2-5D13351A919A}.Release|ARM.Deploy.0 = Release|ARM
		{934ECA25-8194-44EA-80C2-5D13351A919A}.Release|ARM64.ActiveCfg = Release|ARM64
		{934ECA25-8194-44EA-80C2-5D13351A919A}.Release|ARM64.Build.0 = Release|ARM64
		{934ECA25-8194-44EA-80C2-5D13351A919A}.Release|ARM64.Deploy.0 = Release|ARM64
		{934ECA25-8194-44EA-80C2-5D13351A919A}.Release|iPhone.ActiveCfg = Release|x86
		{934ECA25-8194-44EA-80C2-5D13351A919A}.Release|iPhone.Build.0 = Release|x86
		{934ECA25-8194-44EA-80C2-5D13351A919A}.Release|iPhoneSimulator.ActiveCfg = Release|x86
		{934ECA25-8194-44EA-80C2-5D13351A919A}.Release|iPhoneSimulator.Build.0 = Release|x86
		{934ECA25-8194-44EA-80C2-5D13351A919A}.Release|iPhoneSimulator.Deploy.0 = Release|x86
		{934ECA25-8194-44EA-80C2-5D13351A919A}.Release|x64.ActiveCfg = Release|x64
		{934ECA25-8194-44EA-80C2-5D13351A919A}.Release|x64.Build.0 = Release|x64
		{934ECA25-8194-44EA-80C2-5D13351A919A}.Release|x64.Deploy.0 = Release|x64
		{934ECA25-8194-44EA-80C2-5D13351A919A}.Release|x86.ActiveCfg = Release|x86
		{934ECA25-8194-44EA-80C2-5D13351A919A}.Release|x86.Build.0 = Release|x86
		{934ECA25-8194-44EA-80C2-5D13351A919A}.Release|x86.Deploy.0 = Release|x86

		{D97F6D88-1922-4C5B-A664-2DB0E5A33A7D}.Debug|Any CPU.ActiveCfg = Debug|Any CPU
		{D97F6D88-1922-4C5B-A664-2DB0E5A33A7D}.Debug|Any CPU.Build.0 = Debug|Any CPU
		{D97F6D88-1922-4C5B-A664-2DB0E5A33A7D}.Debug|Any CPU.Deploy.0 = Debug|Any CPU
		{D97F6D88-1922-4C5B-A664-2DB0E5A33A7D}.Debug|ARM.ActiveCfg = Debug|Any CPU
		{D97F6D88-1922-4C5B-A664-2DB0E5A33A7D}.Debug|ARM.Build.0 = Debug|Any CPU
		{D97F6D88-1922-4C5B-A664-2DB0E5A33A7D}.Debug|ARM.Deploy.0 = Debug|Any CPU
		{D97F6D88-1922-4C5B-A664-2DB0E5A33A7D}.Debug|ARM64.ActiveCfg = Debug|Any CPU
		{D97F6D88-1922-4C5B-A664-2DB0E5A33A7D}.Debug|ARM64.Build.0 = Debug|Any CPU
		{D97F6D88-1922-4C5B-A664-2DB0E5A33A7D}.Debug|ARM64.Deploy.0 = Debug|Any CPU
		{D97F6D88-1922-4C5B-A664-2DB0E5A33A7D}.Debug|iPhone.ActiveCfg = Debug|Any CPU
		{D97F6D88-1922-4C5B-A664-2DB0E5A33A7D}.Debug|iPhone.Build.0 = Debug|Any CPU
		{D97F6D88-1922-4C5B-A664-2DB0E5A33A7D}.Debug|iPhone.Deploy.0 = Debug|Any CPU
		{D97F6D88-1922-4C5B-A664-2DB0E5A33A7D}.Debug|iPhoneSimulator.ActiveCfg = Debug|Any CPU
		{D97F6D88-1922-4C5B-A664-2DB0E5A33A7D}.Debug|iPhoneSimulator.Build.0 = Debug|Any CPU
		{D97F6D88-1922-4C5B-A664-2DB0E5A33A7D}.Debug|iPhoneSimulator.Deploy.0 = Debug|Any CPU
		{D97F6D88-1922-4C5B-A664-2DB0E5A33A7D}.Debug|x64.ActiveCfg = Debug|Any CPU
		{D97F6D88-1922-4C5B-A664-2DB0E5A33A7D}.Debug|x64.Build.0 = Debug|Any CPU
		{D97F6D88-1922-4C5B-A664-2DB0E5A33A7D}.Debug|x64.Deploy.0 = Debug|Any CPU
		{D97F6D88-1922-4C5B-A664-2DB0E5A33A7D}.Debug|x86.ActiveCfg = Debug|Any CPU
		{D97F6D88-1922-4C5B-A664-2DB0E5A33A7D}.Debug|x86.Build.0 = Debug|Any CPU
		{D97F6D88-1922-4C5B-A664-2DB0E5A33A7D}.Debug|x86.Deploy.0 = Debug|Any CPU
		{D97F6D88-1922-4C5B-A664-2DB0E5A33A7D}.Release|Any CPU.ActiveCfg = Release|Any CPU
		{D97F6D88-1922-4C5B-A664-2DB0E5A33A7D}.Release|Any CPU.Build.0 = Release|Any CPU
		{D97F6D88-1922-4C5B-A664-2DB0E5A33A7D}.Release|ARM.ActiveCfg = Release|Any CPU
		{D97F6D88-1922-4C5B-A664-2DB0E5A33A7D}.Release|ARM.Build.0 = Release|Any CPU
		{D97F6D88-1922-4C5B-A664-2DB0E5A33A7D}.Release|ARM.Deploy.0 = Release|Any CPU
		{D97F6D88-1922-4C5B-A664-2DB0E5A33A7D}.Release|ARM64.ActiveCfg = Release|Any CPU
		{D97F6D88-1922-4C5B-A664-2DB0E5A33A7D}.Release|ARM64.Build.0 = Release|Any CPU
		{D97F6D88-1922-4C5B-A664-2DB0E5A33A7D}.Release|ARM64.Deploy.0 = Release|Any CPU
		{D97F6D88-1922-4C5B-A664-2DB0E5A33A7D}.Release|iPhone.ActiveCfg = Release|Any CPU
		{D97F6D88-1922-4C5B-A664-2DB0E5A33A7D}.Release|iPhone.Build.0 = Release|Any CPU
		{D97F6D88-1922-4C5B-A664-2DB0E5A33A7D}.Release|iPhoneSimulator.ActiveCfg = Release|Any CPU
		{D97F6D88-1922-4C5B-A664-2DB0E5A33A7D}.Release|iPhoneSimulator.Build.0 = Release|Any CPU
		{D97F6D88-1922-4C5B-A664-2DB0E5A33A7D}.Release|iPhoneSimulator.Deploy.0 = Release|Any CPU
		{D97F6D88-1922-4C5B-A664-2DB0E5A33A7D}.Release|x64.ActiveCfg = Release|Any CPU
		{D97F6D88-1922-4C5B-A664-2DB0E5A33A7D}.Release|x64.Build.0 = Release|Any CPU
		{D97F6D88-1922-4C5B-A664-2DB0E5A33A7D}.Release|x64.Deploy.0 = Release|Any CPU
		{D97F6D88-1922-4C5B-A664-2DB0E5A33A7D}.Release|x86.ActiveCfg = Release|Any CPU
		{D97F6D88-1922-4C5B-A664-2DB0E5A33A7D}.Release|x86.Build.0 = Release|Any CPU
		{D97F6D88-1922-4C5B-A664-2DB0E5A33A7D}.Release|x86.Deploy.0 = Release|Any CPU

		{A5B8155A-118F-4794-B551-C6F3CF7E5411}.Debug|Any CPU.ActiveCfg = Debug|Any CPU
		{A5B8155A-118F-4794-B551-C6F3CF7E5411}.Debug|Any CPU.Build.0 = Debug|Any CPU
		{A5B8155A-118F-4794-B551-C6F3CF7E5411}.Debug|ARM.ActiveCfg = Debug|Any CPU
		{A5B8155A-118F-4794-B551-C6F3CF7E5411}.Debug|ARM.Build.0 = Debug|Any CPU
		{A5B8155A-118F-4794-B551-C6F3CF7E5411}.Debug|ARM64.ActiveCfg = Debug|Any CPU
		{A5B8155A-118F-4794-B551-C6F3CF7E5411}.Debug|ARM64.Build.0 = Debug|Any CPU
		{A5B8155A-118F-4794-B551-C6F3CF7E5411}.Debug|iPhone.ActiveCfg = Debug|Any CPU
		{A5B8155A-118F-4794-B551-C6F3CF7E5411}.Debug|iPhone.Build.0 = Debug|Any CPU
		{A5B8155A-118F-4794-B551-C6F3CF7E5411}.Debug|iPhoneSimulator.ActiveCfg = Debug|Any CPU
		{A5B8155A-118F-4794-B551-C6F3CF7E5411}.Debug|iPhoneSimulator.Build.0 = Debug|Any CPU
		{A5B8155A-118F-4794-B551-C6F3CF7E5411}.Debug|x64.ActiveCfg = Debug|Any CPU
		{A5B8155A-118F-4794-B551-C6F3CF7E5411}.Debug|x64.Build.0 = Debug|Any CPU
		{A5B8155A-118F-4794-B551-C6F3CF7E5411}.Debug|x86.ActiveCfg = Debug|Any CPU
		{A5B8155A-118F-4794-B551-C6F3CF7E5411}.Debug|x86.Build.0 = Debug|Any CPU
		{A5B8155A-118F-4794-B551-C6F3CF7E5411}.Release|Any CPU.ActiveCfg = Release|Any CPU
		{A5B8155A-118F-4794-B551-C6F3CF7E5411}.Release|Any CPU.Build.0 = Release|Any CPU
		{A5B8155A-118F-4794-B551-C6F3CF7E5411}.Release|ARM.ActiveCfg = Release|Any CPU
		{A5B8155A-118F-4794-B551-C6F3CF7E5411}.Release|ARM.Build.0 = Release|Any CPU
		{A5B8155A-118F-4794-B551-C6F3CF7E5411}.Release|ARM64.ActiveCfg = Release|Any CPU
		{A5B8155A-118F-4794-B551-C6F3CF7E5411}.Release|ARM64.Build.0 = Release|Any CPU
		{A5B8155A-118F-4794-B551-C6F3CF7E5411}.Release|iPhone.ActiveCfg = Release|Any CPU
		{A5B8155A-118F-4794-B551-C6F3CF7E5411}.Release|iPhone.Build.0 = Release|Any CPU
		{A5B8155A-118F-4794-B551-C6F3CF7E5411}.Release|iPhoneSimulator.ActiveCfg = Release|Any CPU
		{A5B8155A-118F-4794-B551-C6F3CF7E5411}.Release|iPhoneSimulator.Build.0 = Release|Any CPU
		{A5B8155A-118F-4794-B551-C6F3CF7E5411}.Release|x64.ActiveCfg = Release|Any CPU
		{A5B8155A-118F-4794-B551-C6F3CF7E5411}.Release|x64.Build.0 = Release|Any CPU
		{A5B8155A-118F-4794-B551-C6F3CF7E5411}.Release|x86.ActiveCfg = Release|Any CPU
		{A5B8155A-118F-4794-B551-C6F3CF7E5411}.Release|x86.Build.0 = Release|Any CPU

		{9AED22A6-77DC-4799-BAE7-5F26F2070BD2}.Debug|Any CPU.ActiveCfg = Debug|Any CPU
		{9AED22A6-77DC-4799-BAE7-5F26F2070BD2}.Debug|Any CPU.Build.0 = Debug|Any CPU
		{9AED22A6-77DC-4799-BAE7-5F26F2070BD2}.Debug|ARM.ActiveCfg = Debug|Any CPU
		{9AED22A6-77DC-4799-BAE7-5F26F2070BD2}.Debug|ARM.Build.0 = Debug|Any CPU
		{9AED22A6-77DC-4799-BAE7-5F26F2070BD2}.Debug|ARM64.ActiveCfg = Debug|Any CPU
		{9AED22A6-77DC-4799-BAE7-5F26F2070BD2}.Debug|ARM64.Build.0 = Debug|Any CPU
		{9AED22A6-77DC-4799-BAE7-5F26F2070BD2}.Debug|iPhone.ActiveCfg = Debug|Any CPU
		{9AED22A6-77DC-4799-BAE7-5F26F2070BD2}.Debug|iPhone.Build.0 = Debug|Any CPU
		{9AED22A6-77DC-4799-BAE7-5F26F2070BD2}.Debug|iPhoneSimulator.ActiveCfg = Debug|Any CPU
		{9AED22A6-77DC-4799-BAE7-5F26F2070BD2}.Debug|iPhoneSimulator.Build.0 = Debug|Any CPU
		{9AED22A6-77DC-4799-BAE7-5F26F2070BD2}.Debug|x64.ActiveCfg = Debug|Any CPU
		{9AED22A6-77DC-4799-BAE7-5F26F2070BD2}.Debug|x64.Build.0 = Debug|Any CPU
		{9AED22A6-77DC-4799-BAE7-5F26F2070BD2}.Debug|x86.ActiveCfg = Debug|Any CPU
		{9AED22A6-77DC-4799-BAE7-5F26F2070BD2}.Debug|x86.Build.0 = Debug|Any CPU
		{9AED22A6-77DC-4799-BAE7-5F26F2070BD2}.Release|Any CPU.ActiveCfg = Release|Any CPU
		{9AED22A6-77DC-4799-BAE7-5F26F2070BD2}.Release|Any CPU.Build.0 = Release|Any CPU
		{9AED22A6-77DC-4799-BAE7-5F26F2070BD2}.Release|ARM.ActiveCfg = Release|Any CPU
		{9AED22A6-77DC-4799-BAE7-5F26F2070BD2}.Release|ARM.Build.0 = Release|Any CPU
		{9AED22A6-77DC-4799-BAE7-5F26F2070BD2}.Release|ARM64.ActiveCfg = Release|Any CPU
		{9AED22A6-77DC-4799-BAE7-5F26F2070BD2}.Release|ARM64.Build.0 = Release|Any CPU
		{9AED22A6-77DC-4799-BAE7-5F26F2070BD2}.Release|iPhone.ActiveCfg = Release|Any CPU
		{9AED22A6-77DC-4799-BAE7-5F26F2070BD2}.Release|iPhone.Build.0 = Release|Any CPU
		{9AED22A6-77DC-4799-BAE7-5F26F2070BD2}.Release|iPhoneSimulator.ActiveCfg = Release|Any CPU
		{9AED22A6-77DC-4799-BAE7-5F26F2070BD2}.Release|iPhoneSimulator.Build.0 = Release|Any CPU
		{9AED22A6-77DC-4799-BAE7-5F26F2070BD2}.Release|x64.ActiveCfg = Release|Any CPU
		{9AED22A6-77DC-4799-BAE7-5F26F2070BD2}.Release|x64.Build.0 = Release|Any CPU
		{9AED22A6-77DC-4799-BAE7-5F26F2070BD2}.Release|x86.ActiveCfg = Release|Any CPU
		{9AED22A6-77DC-4799-BAE7-5F26F2070BD2}.Release|x86.Build.0 = Release|Any CPU

		{761D821E-9905-4444-9ADF-76C995FE5427}.Debug|Any CPU.ActiveCfg = Debug|Any CPU
		{761D821E-9905-4444-9ADF-76C995FE5427}.Debug|Any CPU.Build.0 = Debug|Any CPU
		{761D821E-9905-4444-9ADF-76C995FE5427}.Debug|ARM.ActiveCfg = Debug|Any CPU
		{761D821E-9905-4444-9ADF-76C995FE5427}.Debug|ARM.Build.0 = Debug|Any CPU
		{761D821E-9905-4444-9ADF-76C995FE5427}.Debug|ARM64.ActiveCfg = Debug|Any CPU
		{761D821E-9905-4444-9ADF-76C995FE5427}.Debug|ARM64.Build.0 = Debug|Any CPU
		{761D821E-9905-4444-9ADF-76C995FE5427}.Debug|iPhone.ActiveCfg = Debug|Any CPU
		{761D821E-9905-4444-9ADF-76C995FE5427}.Debug|iPhone.Build.0 = Debug|Any CPU
		{761D821E-9905-4444-9ADF-76C995FE5427}.Debug|iPhoneSimulator.ActiveCfg = Debug|Any CPU
		{761D821E-9905-4444-9ADF-76C995FE5427}.Debug|iPhoneSimulator.Build.0 = Debug|Any CPU
		{761D821E-9905-4444-9ADF-76C995FE5427}.Debug|x64.ActiveCfg = Debug|Any CPU
		{761D821E-9905-4444-9ADF-76C995FE5427}.Debug|x64.Build.0 = Debug|Any CPU
		{761D821E-9905-4444-9ADF-76C995FE5427}.Debug|x86.ActiveCfg = Debug|Any CPU
		{761D821E-9905-4444-9ADF-76C995FE5427}.Debug|x86.Build.0 = Debug|Any CPU
		{761D821E-9905-4444-9ADF-76C995FE5427}.Release|Any CPU.ActiveCfg = Release|Any CPU
		{761D821E-9905-4444-9ADF-76C995FE5427}.Release|Any CPU.Build.0 = Release|Any CPU
		{761D821E-9905-4444-9ADF-76C995FE5427}.Release|ARM.ActiveCfg = Release|Any CPU
		{761D821E-9905-4444-9ADF-76C995FE5427}.Release|ARM.Build.0 = Release|Any CPU
		{761D821E-9905-4444-9ADF-76C995FE5427}.Release|ARM64.ActiveCfg = Release|Any CPU
		{761D821E-9905-4444-9ADF-76C995FE5427}.Release|ARM64.Build.0 = Release|Any CPU
		{761D821E-9905-4444-9ADF-76C995FE5427}.Release|iPhone.ActiveCfg = Release|Any CPU
		{761D821E-9905-4444-9ADF-76C995FE5427}.Release|iPhone.Build.0 = Release|Any CPU
		{761D821E-9905-4444-9ADF-76C995FE5427}.Release|iPhoneSimulator.ActiveCfg = Release|Any CPU
		{761D821E-9905-4444-9ADF-76C995FE5427}.Release|iPhoneSimulator.Build.0 = Release|Any CPU
		{761D821E-9905-4444-9ADF-76C995FE5427}.Release|x64.ActiveCfg = Release|Any CPU
		{761D821E-9905-4444-9ADF-76C995FE5427}.Release|x64.Build.0 = Release|Any CPU
		{761D821E-9905-4444-9ADF-76C995FE5427}.Release|x86.ActiveCfg = Release|Any CPU
		{761D821E-9905-4444-9ADF-76C995FE5427}.Release|x86.Build.0 = Release|Any CPU

		{6CF284A4-22B1-4F05-97F4-F095C07A598E}.Debug|Any CPU.ActiveCfg = Debug|Any CPU
		{6CF284A4-22B1-4F05-97F4-F095C07A598E}.Debug|Any CPU.Build.0 = Debug|Any CPU
		{6CF284A4-22B1-4F05-97F4-F095C07A598E}.Debug|ARM.ActiveCfg = Debug|Any CPU
		{6CF284A4-22B1-4F05-97F4-F095C07A598E}.Debug|ARM.Build.0 = Debug|Any CPU
		{6CF284A4-22B1-4F05-97F4-F095C07A598E}.Debug|ARM64.ActiveCfg = Debug|Any CPU
		{6CF284A4-22B1-4F05-97F4-F095C07A598E}.Debug|ARM64.Build.0 = Debug|Any CPU
		{6CF284A4-22B1-4F05-97F4-F095C07A598E}.Debug|iPhone.ActiveCfg = Debug|Any CPU
		{6CF284A4-22B1-4F05-97F4-F095C07A598E}.Debug|iPhone.Build.0 = Debug|Any CPU
		{6CF284A4-22B1-4F05-97F4-F095C07A598E}.Debug|iPhoneSimulator.ActiveCfg = Debug|Any CPU
		{6CF284A4-22B1-4F05-97F4-F095C07A598E}.Debug|iPhoneSimulator.Build.0 = Debug|Any CPU
		{6CF284A4-22B1-4F05-97F4-F095C07A598E}.Debug|x64.ActiveCfg = Debug|Any CPU
		{6CF284A4-22B1-4F05-97F4-F095C07A598E}.Debug|x64.Build.0 = Debug|Any CPU
		{6CF284A4-22B1-4F05-97F4-F095C07A598E}.Debug|x86.ActiveCfg = Debug|Any CPU
		{6CF284A4-22B1-4F05-97F4-F095C07A598E}.Debug|x86.Build.0 = Debug|Any CPU
		{6CF284A4-22B1-4F05-97F4-F095C07A598E}.Release|Any CPU.ActiveCfg = Release|Any CPU
		{6CF284A4-22B1-4F05-97F4-F095C07A598E}.Release|Any CPU.Build.0 = Release|Any CPU
		{6CF284A4-22B1-4F05-97F4-F095C07A598E}.Release|ARM.ActiveCfg = Release|Any CPU
		{6CF284A4-22B1-4F05-97F4-F095C07A598E}.Release|ARM.Build.0 = Release|Any CPU
		{6CF284A4-22B1-4F05-97F4-F095C07A598E}.Release|ARM64.ActiveCfg = Release|Any CPU
		{6CF284A4-22B1-4F05-97F4-F095C07A598E}.Release|ARM64.Build.0 = Release|Any CPU
		{6CF284A4-22B1-4F05-97F4-F095C07A598E}.Release|iPhone.ActiveCfg = Release|Any CPU
		{6CF284A4-22B1-4F05-97F4-F095C07A598E}.Release|iPhone.Build.0 = Release|Any CPU
		{6CF284A4-22B1-4F05-97F4-F095C07A598E}.Release|iPhoneSimulator.ActiveCfg = Release|Any CPU
		{6CF284A4-22B1-4F05-97F4-F095C07A598E}.Release|iPhoneSimulator.Build.0 = Release|Any CPU
		{6CF284A4-22B1-4F05-97F4-F095C07A598E}.Release|x64.ActiveCfg = Release|Any CPU
		{6CF284A4-22B1-4F05-97F4-F095C07A598E}.Release|x64.Build.0 = Release|Any CPU
		{6CF284A4-22B1-4F05-97F4-F095C07A598E}.Release|x86.ActiveCfg = Release|Any CPU
		{6CF284A4-22B1-4F05-97F4-F095C07A598E}.Release|x86.Build.0 = Release|Any CPU

		{40EA03F7-8A22-4143-B251-79BAC3EB13D2}.Debug|Any CPU.ActiveCfg = Debug|Any CPU
		{40EA03F7-8A22-4143-B251-79BAC3EB13D2}.Debug|Any CPU.Build.0 = Debug|Any CPU
		{40EA03F7-8A22-4143-B251-79BAC3EB13D2}.Debug|ARM.ActiveCfg = Debug|Any CPU
		{40EA03F7-8A22-4143-B251-79BAC3EB13D2}.Debug|ARM.Build.0 = Debug|Any CPU
		{40EA03F7-8A22-4143-B251-79BAC3EB13D2}.Debug|ARM64.ActiveCfg = Debug|Any CPU
		{40EA03F7-8A22-4143-B251-79BAC3EB13D2}.Debug|ARM64.Build.0 = Debug|Any CPU
		{40EA03F7-8A22-4143-B251-79BAC3EB13D2}.Debug|iPhone.ActiveCfg = Debug|Any CPU
		{40EA03F7-8A22-4143-B251-79BAC3EB13D2}.Debug|iPhone.Build.0 = Debug|Any CPU
		{40EA03F7-8A22-4143-B251-79BAC3EB13D2}.Debug|iPhoneSimulator.ActiveCfg = Debug|Any CPU
		{40EA03F7-8A22-4143-B251-79BAC3EB13D2}.Debug|iPhoneSimulator.Build.0 = Debug|Any CPU
		{40EA03F7-8A22-4143-B251-79BAC3EB13D2}.Debug|x64.ActiveCfg = Debug|Any CPU
		{40EA03F7-8A22-4143-B251-79BAC3EB13D2}.Debug|x64.Build.0 = Debug|Any CPU
		{40EA03F7-8A22-4143-B251-79BAC3EB13D2}.Debug|x86.ActiveCfg = Debug|Any CPU
		{40EA03F7-8A22-4143-B251-79BAC3EB13D2}.Debug|x86.Build.0 = Debug|Any CPU
		{40EA03F7-8A22-4143-B251-79BAC3EB13D2}.Release|Any CPU.ActiveCfg = Release|Any CPU
		{40EA03F7-8A22-4143-B251-79BAC3EB13D2}.Release|Any CPU.Build.0 = Release|Any CPU
		{40EA03F7-8A22-4143-B251-79BAC3EB13D2}.Release|ARM.ActiveCfg = Release|Any CPU
		{40EA03F7-8A22-4143-B251-79BAC3EB13D2}.Release|ARM.Build.0 = Release|Any CPU
		{40EA03F7-8A22-4143-B251-79BAC3EB13D2}.Release|ARM64.ActiveCfg = Release|Any CPU
		{40EA03F7-8A22-4143-B251-79BAC3EB13D2}.Release|ARM64.Build.0 = Release|Any CPU
		{40EA03F7-8A22-4143-B251-79BAC3EB13D2}.Release|iPhone.ActiveCfg = Release|Any CPU
		{40EA03F7-8A22-4143-B251-79BAC3EB13D2}.Release|iPhone.Build.0 = Release|Any CPU
		{40EA03F7-8A22-4143-B251-79BAC3EB13D2}.Release|iPhoneSimulator.ActiveCfg = Release|Any CPU
		{40EA03F7-8A22-4143-B251-79BAC3EB13D2}.Release|iPhoneSimulator.Build.0 = Release|Any CPU
		{40EA03F7-8A22-4143-B251-79BAC3EB13D2}.Release|x64.ActiveCfg = Release|Any CPU
		{40EA03F7-8A22-4143-B251-79BAC3EB13D2}.Release|x64.Build.0 = Release|Any CPU
		{40EA03F7-8A22-4143-B251-79BAC3EB13D2}.Release|x86.ActiveCfg = Release|Any CPU
		{40EA03F7-8A22-4143-B251-79BAC3EB13D2}.Release|x86.Build.0 = Release|Any CPU
		{D3AD782F-B89E-4AB8-8725-5D719054CE46}.Debug|Any CPU.ActiveCfg = Debug|iPhoneSimulator
		{D3AD782F-B89E-4AB8-8725-5D719054CE46}.Debug|Any CPU.Build.0 = Debug|iPhoneSimulator
		{D3AD782F-B89E-4AB8-8725-5D719054CE46}.Debug|ARM.ActiveCfg = Debug|iPhoneSimulator
		{D3AD782F-B89E-4AB8-8725-5D719054CE46}.Debug|ARM64.ActiveCfg = Debug|iPhoneSimulator
		{D3AD782F-B89E-4AB8-8725-5D719054CE46}.Debug|iPhone.ActiveCfg = Debug|iPhoneSimulator
		{D3AD782F-B89E-4AB8-8725-5D719054CE46}.Debug|iPhone.Build.0 = Debug|iPhoneSimulator
		{D3AD782F-B89E-4AB8-8725-5D719054CE46}.Debug|iPhoneSimulator.ActiveCfg = Debug|iPhoneSimulator
		{D3AD782F-B89E-4AB8-8725-5D719054CE46}.Debug|iPhoneSimulator.Build.0 = Debug|iPhoneSimulator
		{D3AD782F-B89E-4AB8-8725-5D719054CE46}.Debug|x64.ActiveCfg = Debug|iPhoneSimulator
		{D3AD782F-B89E-4AB8-8725-5D719054CE46}.Debug|x64.Build.0 = Debug|iPhoneSimulator
		{D3AD782F-B89E-4AB8-8725-5D719054CE46}.Debug|x86.ActiveCfg = Debug|iPhoneSimulator
		{D3AD782F-B89E-4AB8-8725-5D719054CE46}.Debug|x86.Build.0 = Debug|iPhoneSimulator
		{D3AD782F-B89E-4AB8-8725-5D719054CE46}.Release|Any CPU.ActiveCfg = Release|iPhoneSimulator
		{D3AD782F-B89E-4AB8-8725-5D719054CE46}.Release|ARM.ActiveCfg = Release|iPhoneSimulator
		{D3AD782F-B89E-4AB8-8725-5D719054CE46}.Release|ARM64.ActiveCfg = Release|iPhoneSimulator
		{D3AD782F-B89E-4AB8-8725-5D719054CE46}.Release|iPhone.ActiveCfg = Release|iPhoneSimulator
		{D3AD782F-B89E-4AB8-8725-5D719054CE46}.Release|iPhone.Build.0 = Release|iPhoneSimulator
		{D3AD782F-B89E-4AB8-8725-5D719054CE46}.Release|iPhoneSimulator.ActiveCfg = Release|iPhoneSimulator
		{D3AD782F-B89E-4AB8-8725-5D719054CE46}.Release|iPhoneSimulator.Build.0 = Release|iPhoneSimulator
		{D3AD782F-B89E-4AB8-8725-5D719054CE46}.Release|x64.ActiveCfg = Release|iPhoneSimulator
		{D3AD782F-B89E-4AB8-8725-5D719054CE46}.Release|x64.Build.0 = Release|iPhoneSimulator
		{D3AD782F-B89E-4AB8-8725-5D719054CE46}.Release|x86.ActiveCfg = Release|iPhoneSimulator
		{D3AD782F-B89E-4AB8-8725-5D719054CE46}.Release|x86.Build.0 = Release|iPhoneSimulator
	EndGlobalSection
	GlobalSection(SolutionProperties) = preSolution
		HideSolutionNode = FALSE
	EndGlobalSection
	GlobalSection(ExtensibilityGlobals) = postSolution
		SolutionGuid = {C7433AE2-B1A0-4C1A-887E-5CAA7AAF67A6}
	EndGlobalSection
EndGlobal
